
Microsoft Visual Studio Solution File, Format Version 12.00
# Visual Studio Version 17
VisualStudioVersion = 17.3.32929.385
MinimumVisualStudioVersion = 10.0.40219.1
Project("{FAE04EC0-301F-11D3-BF4B-00C04F79EFBC}") = "WPF1hw", "WPF1hw\WPF1hw.csproj", "{A047CE49-630B-4F91-98F8-531C70813569}"
EndProject
Project("{FAE04EC0-301F-11D3-BF4B-00C04F79EFBC}") = "WPF2hw", "WPF2hw\WPF2hw.csproj", "{95590CA3-2DB0-4328-9768-2F78A372AA4B}"
EndProject
Project("{FAE04EC0-301F-11D3-BF4B-00C04F79EFBC}") = "WPF3hw", "WPF3hw\WPF3hw.csproj", "{5DDF1988-7B57-42B5-8855-9E23C8FCDF49}"
EndProject
Project("{FAE04EC0-301F-11D3-BF4B-00C04F79EFBC}") = "WPF4.1cw", "WPF4hw\WPF4.1cw.csproj", "{751F4AC3-670A-4928-A7FF-6CDF2B10237C}"
EndProject
Project("{FAE04EC0-301F-11D3-BF4B-00C04F79EFBC}") = "WPF5hw", "WPF5hw\WPF5hw.csproj", "{009F99E8-EEDA-4A9F-BE6C-D888A788859C}"
EndProject
Global
	GlobalSection(SolutionConfigurationPlatforms) = preSolution
		Debug|Any CPU = Debug|Any CPU
		Release|Any CPU = Release|Any CPU
	EndGlobalSection
	GlobalSection(ProjectConfigurationPlatforms) = postSolution
		{A047CE49-630B-4F91-98F8-531C70813569}.Debug|Any CPU.ActiveCfg = Debug|Any CPU
		{A047CE49-630B-4F91-98F8-531C70813569}.Debug|Any CPU.Build.0 = Debug|Any CPU
		{A047CE49-630B-4F91-98F8-531C70813569}.Release|Any CPU.ActiveCfg = Release|Any CPU
		{A047CE49-630B-4F91-98F8-531C70813569}.Release|Any CPU.Build.0 = Release|Any CPU
		{95590CA3-2DB0-4328-9768-2F78A372AA4B}.Debug|Any CPU.ActiveCfg = Debug|Any CPU
		{95590CA3-2DB0-4328-9768-2F78A372AA4B}.Debug|Any CPU.Build.0 = Debug|Any CPU
		{95590CA3-2DB0-4328-9768-2F78A372AA4B}.Release|Any CPU.ActiveCfg = Release|Any CPU
		{95590CA3-2DB0-4328-9768-2F78A372AA4B}.Release|Any CPU.Build.0 = Release|Any CPU
		{5DDF1988-7B57-42B5-8855-9E23C8FCDF49}.Debug|Any CPU.ActiveCfg = Debug|Any CPU
		{5DDF1988-7B57-42B5-8855-9E23C8FCDF49}.Debug|Any CPU.Build.0 = Debug|Any CPU
		{5DDF1988-7B57-42B5-8855-9E23C8FCDF49}.Release|Any CPU.ActiveCfg = Release|Any CPU
		{5DDF1988-7B57-42B5-8855-9E23C8FCDF49}.Release|Any CPU.Build.0 = Release|Any CPU
		{751F4AC3-670A-4928-A7FF-6CDF2B10237C}.Debug|Any CPU.ActiveCfg = Debug|Any CPU
		{751F4AC3-670A-4928-A7FF-6CDF2B10237C}.Debug|Any CPU.Build.0 = Debug|Any CPU
		{751F4AC3-670A-4928-A7FF-6CDF2B10237C}.Release|Any CPU.ActiveCfg = Release|Any CPU
		{751F4AC3-670A-4928-A7FF-6CDF2B10237C}.Release|Any CPU.Build.0 = Release|Any CPU
		{009F99E8-EEDA-4A9F-BE6C-D888A788859C}.Debug|Any CPU.ActiveCfg = Debug|Any CPU
		{009F99E8-EEDA-4A9F-BE6C-D888A788859C}.Debug|Any CPU.Build.0 = Debug|Any CPU
		{009F99E8-EEDA-4A9F-BE6C-D888A788859C}.Release|Any CPU.ActiveCfg = Release|Any CPU
		{009F99E8-EEDA-4A9F-BE6C-D888A788859C}.Release|Any CPU.Build.0 = Release|Any CPU
	EndGlobalSection
	GlobalSection(SolutionProperties) = preSolution
		HideSolutionNode = FALSE
	EndGlobalSection
	GlobalSection(ExtensibilityGlobals) = postSolution
		SolutionGuid = {BA9A3DDC-E3EB-46A6-A495-A6D46EB15E01}
	EndGlobalSection
EndGlobal
